
Microsoft Visual Studio Solution File, Format Version 12.00
# Visual Studio Version 17
VisualStudioVersion = 17.3.32825.248
MinimumVisualStudioVersion = 10.0.40219.1
Project("{8BC9CEB8-8B4A-11D0-8D11-00A0C91BC942}") = "Convolve2D-GPU", "Convolve2D-GPU.vcxproj", "{5B704AEA-653F-4D44-A759-D3E47CA0048E}"
EndProject
Global
	GlobalSection(SolutionConfigurationPlatforms) = preSolution
		Debug|x64 = Debug|x64
		Release|x64 = Release|x64
	EndGlobalSection
	GlobalSection(ProjectConfigurationPlatforms) = postSolution
		{5B704AEA-653F-4D44-A759-D3E47CA0048E}.Debug|x64.ActiveCfg = Debug|x64
		{5B704AEA-653F-4D44-A759-D3E47CA0048E}.Debug|x64.Build.0 = Debug|x64
		{5B704AEA-653F-4D44-A759-D3E47CA0048E}.Release|x64.ActiveCfg = Release|x64
		{5B704AEA-653F-4D44-A759-D3E47CA0048E}.Release|x64.Build.0 = Release|x64
	EndGlobalSection
	GlobalSection(SolutionProperties) = preSolution
		HideSolutionNode = FALSE
	EndGlobalSection
	GlobalSection(ExtensibilityGlobals) = postSolution
		SolutionGuid = {A1711E45-792E-45D5-A303-708266CCE59F}
	EndGlobalSection
EndGlobal
